// !$*UTF8*$!
{
	archiveVersion = 1;
	classes = {
	};
	objectVersion = 56;
	objects = {

/* Begin PBXBuildFile section */
		B292A8082C9F768800A00B98 /* FireCRUDApp.swift in Sources */ = {isa = PBXBuildFile; fileRef = B292A8072C9F768800A00B98 /* FireCRUDApp.swift */; };
		B292A80A2C9F768800A00B98 /* ContentView.swift in Sources */ = {isa = PBXBuildFile; fileRef = B292A8092C9F768800A00B98 /* ContentView.swift */; };
		B292A80C2C9F768900A00B98 /* Assets.xcassets in Resources */ = {isa = PBXBuildFile; fileRef = B292A80B2C9F768900A00B98 /* Assets.xcassets */; };
		B292A80F2C9F768900A00B98 /* Preview Assets.xcassets in Resources */ = {isa = PBXBuildFile; fileRef = B292A80E2C9F768900A00B98 /* Preview Assets.xcassets */; };
		B292A8192C9F768900A00B98 /* FireCRUDTests.swift in Sources */ = {isa = PBXBuildFile; fileRef = B292A8182C9F768900A00B98 /* FireCRUDTests.swift */; };
		B292A8232C9F768900A00B98 /* FireCRUDUITests.swift in Sources */ = {isa = PBXBuildFile; fileRef = B292A8222C9F768900A00B98 /* FireCRUDUITests.swift */; };
		B292A8252C9F768900A00B98 /* FireCRUDUITestsLaunchTests.swift in Sources */ = {isa = PBXBuildFile; fileRef = B292A8242C9F768900A00B98 /* FireCRUDUITestsLaunchTests.swift */; };
		B292A8322C9F788400A00B98 /* GoogleService-Info.plist in Resources */ = {isa = PBXBuildFile; fileRef = B292A8312C9F788400A00B98 /* GoogleService-Info.plist */; };
		B292A8332C9F788400A00B98 /* GoogleService-Info.plist in Resources */ = {isa = PBXBuildFile; fileRef = B292A8312C9F788400A00B98 /* GoogleService-Info.plist */; };
		B292A8342C9F788400A00B98 /* GoogleService-Info.plist in Resources */ = {isa = PBXBuildFile; fileRef = B292A8312C9F788400A00B98 /* GoogleService-Info.plist */; };
		B292A8372C9F798700A00B98 /* FirebaseAnalytics in Frameworks */ = {isa = PBXBuildFile; productRef = B292A8362C9F798700A00B98 /* FirebaseAnalytics */; };
		B292A8392C9F798700A00B98 /* FirebaseAuth in Frameworks */ = {isa = PBXBuildFile; productRef = B292A8382C9F798700A00B98 /* FirebaseAuth */; };
		B292A83B2C9F798700A00B98 /* FirebaseCrashlytics in Frameworks */ = {isa = PBXBuildFile; productRef = B292A83A2C9F798700A00B98 /* FirebaseCrashlytics */; };
		B292A83D2C9F798700A00B98 /* FirebaseDatabase in Frameworks */ = {isa = PBXBuildFile; productRef = B292A83C2C9F798700A00B98 /* FirebaseDatabase */; };
		B292A83F2C9F798700A00B98 /* FirebaseFirestore in Frameworks */ = {isa = PBXBuildFile; productRef = B292A83E2C9F798700A00B98 /* FirebaseFirestore */; };
		B292A8412C9F798700A00B98 /* FirebaseRemoteConfig in Frameworks */ = {isa = PBXBuildFile; productRef = B292A8402C9F798700A00B98 /* FirebaseRemoteConfig */; };
		B292A8432C9F798700A00B98 /* FirebaseStorage in Frameworks */ = {isa = PBXBuildFile; productRef = B292A8422C9F798700A00B98 /* FirebaseStorage */; };
/* End PBXBuildFile section */

/* Begin PBXContainerItemProxy section */
		B292A8152C9F768900A00B98 /* PBXContainerItemProxy */ = {
			isa = PBXContainerItemProxy;
			containerPortal = B292A7FC2C9F768800A00B98 /* Project object */;
			proxyType = 1;
			remoteGlobalIDString = B292A8032C9F768800A00B98;
			remoteInfo = FireCRUD;
		};
		B292A81F2C9F768900A00B98 /* PBXContainerItemProxy */ = {
			isa = PBXContainerItemProxy;
			containerPortal = B292A7FC2C9F768800A00B98 /* Project object */;
			proxyType = 1;
			remoteGlobalIDString = B292A8032C9F768800A00B98;
			remoteInfo = FireCRUD;
		};
/* End PBXContainerItemProxy section */

/* Begin PBXFileReference section */
		B292A8042C9F768800A00B98 /* FireCRUD.app */ = {isa = PBXFileReference; explicitFileType = wrapper.application; includeInIndex = 0; path = FireCRUD.app; sourceTree = BUILT_PRODUCTS_DIR; };
		B292A8072C9F768800A00B98 /* FireCRUDApp.swift */ = {isa = PBXFileReference; lastKnownFileType = sourcecode.swift; path = FireCRUDApp.swift; sourceTree = "<group>"; };
		B292A8092C9F768800A00B98 /* ContentView.swift */ = {isa = PBXFileReference; lastKnownFileType = sourcecode.swift; path = ContentView.swift; sourceTree = "<group>"; };
		B292A80B2C9F768900A00B98 /* Assets.xcassets */ = {isa = PBXFileReference; lastKnownFileType = folder.assetcatalog; path = Assets.xcassets; sourceTree = "<group>"; };
		B292A80E2C9F768900A00B98 /* Preview Assets.xcassets */ = {isa = PBXFileReference; lastKnownFileType = folder.assetcatalog; path = "Preview Assets.xcassets"; sourceTree = "<group>"; };
		B292A8142C9F768900A00B98 /* FireCRUDTests.xctest */ = {isa = PBXFileReference; explicitFileType = wrapper.cfbundle; includeInIndex = 0; path = FireCRUDTests.xctest; sourceTree = BUILT_PRODUCTS_DIR; };
		B292A8182C9F768900A00B98 /* FireCRUDTests.swift */ = {isa = PBXFileReference; lastKnownFileType = sourcecode.swift; path = FireCRUDTests.swift; sourceTree = "<group>"; };
		B292A81E2C9F768900A00B98 /* FireCRUDUITests.xctest */ = {isa = PBXFileReference; explicitFileType = wrapper.cfbundle; includeInIndex = 0; path = FireCRUDUITests.xctest; sourceTree = BUILT_PRODUCTS_DIR; };
		B292A8222C9F768900A00B98 /* FireCRUDUITests.swift */ = {isa = PBXFileReference; lastKnownFileType = sourcecode.swift; path = FireCRUDUITests.swift; sourceTree = "<group>"; };
		B292A8242C9F768900A00B98 /* FireCRUDUITestsLaunchTests.swift */ = {isa = PBXFileReference; lastKnownFileType = sourcecode.swift; path = FireCRUDUITestsLaunchTests.swift; sourceTree = "<group>"; };
		B292A8312C9F788400A00B98 /* GoogleService-Info.plist */ = {isa = PBXFileReference; fileEncoding = 4; lastKnownFileType = text.plist.xml; path = "GoogleService-Info.plist"; sourceTree = "<group>"; };
/* End PBXFileReference section */

/* Begin PBXFrameworksBuildPhase section */
		B292A8012C9F768800A00B98 /* Frameworks */ = {
			isa = PBXFrameworksBuildPhase;
			buildActionMask = 2147483647;
			files = (
				B292A83B2C9F798700A00B98 /* FirebaseCrashlytics in Frameworks */,
				B292A8372C9F798700A00B98 /* FirebaseAnalytics in Frameworks */,
				B292A83D2C9F798700A00B98 /* FirebaseDatabase in Frameworks */,
				B292A8412C9F798700A00B98 /* FirebaseRemoteConfig in Frameworks */,
				B292A8432C9F798700A00B98 /* FirebaseStorage in Frameworks */,
				B292A83F2C9F798700A00B98 /* FirebaseFirestore in Frameworks */,
				B292A8392C9F798700A00B98 /* FirebaseAuth in Frameworks */,
			);
			runOnlyForDeploymentPostprocessing = 0;
		};
		B292A8112C9F768900A00B98 /* Frameworks */ = {
			isa = PBXFrameworksBuildPhase;
			buildActionMask = 2147483647;
			files = (
			);
			runOnlyForDeploymentPostprocessing = 0;
		};
		B292A81B2C9F768900A00B98 /* Frameworks */ = {
			isa = PBXFrameworksBuildPhase;
			buildActionMask = 2147483647;
			files = (
			);
			runOnlyForDeploymentPostprocessing = 0;
		};
/* End PBXFrameworksBuildPhase section */

/* Begin PBXGroup section */
		B292A7FB2C9F768800A00B98 = {
			isa = PBXGroup;
			children = (
				B292A8062C9F768800A00B98 /* FireCRUD */,
				B292A8172C9F768900A00B98 /* FireCRUDTests */,
				B292A8212C9F768900A00B98 /* FireCRUDUITests */,
				B292A8052C9F768800A00B98 /* Products */,
			);
			sourceTree = "<group>";
		};
		B292A8052C9F768800A00B98 /* Products */ = {
			isa = PBXGroup;
			children = (
				B292A8042C9F768800A00B98 /* FireCRUD.app */,
				B292A8142C9F768900A00B98 /* FireCRUDTests.xctest */,
				B292A81E2C9F768900A00B98 /* FireCRUDUITests.xctest */,
			);
			name = Products;
			sourceTree = "<group>";
		};
		B292A8062C9F768800A00B98 /* FireCRUD */ = {
			isa = PBXGroup;
			children = (
				B292A8312C9F788400A00B98 /* GoogleService-Info.plist */,
				B292A8072C9F768800A00B98 /* FireCRUDApp.swift */,
				B292A8092C9F768800A00B98 /* ContentView.swift */,
				B292A80B2C9F768900A00B98 /* Assets.xcassets */,
				B292A80D2C9F768900A00B98 /* Preview Content */,
			);
			path = FireCRUD;
			sourceTree = "<group>";
		};
		B292A80D2C9F768900A00B98 /* Preview Content */ = {
			isa = PBXGroup;
			children = (
				B292A80E2C9F768900A00B98 /* Preview Assets.xcassets */,
			);
			path = "Preview Content";
			sourceTree = "<group>";
		};
		B292A8172C9F768900A00B98 /* FireCRUDTests */ = {
			isa = PBXGroup;
			children = (
				B292A8182C9F768900A00B98 /* FireCRUDTests.swift */,
			);
			path = FireCRUDTests;
			sourceTree = "<group>";
		};
		B292A8212C9F768900A00B98 /* FireCRUDUITests */ = {
			isa = PBXGroup;
			children = (
				B292A8222C9F768900A00B98 /* FireCRUDUITests.swift */,
				B292A8242C9F768900A00B98 /* FireCRUDUITestsLaunchTests.swift */,
			);
			path = FireCRUDUITests;
			sourceTree = "<group>";
		};
/* End PBXGroup section */

/* Begin PBXNativeTarget section */
		B292A8032C9F768800A00B98 /* FireCRUD */ = {
			isa = PBXNativeTarget;
			buildConfigurationList = B292A8282C9F768900A00B98 /* Build configuration list for PBXNativeTarget "FireCRUD" */;
			buildPhases = (
				B292A8002C9F768800A00B98 /* Sources */,
				B292A8012C9F768800A00B98 /* Frameworks */,
				B292A8022C9F768800A00B98 /* Resources */,
			);
			buildRules = (
			);
			dependencies = (
			);
			name = FireCRUD;
			packageProductDependencies = (
				B292A8362C9F798700A00B98 /* FirebaseAnalytics */,
				B292A8382C9F798700A00B98 /* FirebaseAuth */,
				B292A83A2C9F798700A00B98 /* FirebaseCrashlytics */,
				B292A83C2C9F798700A00B98 /* FirebaseDatabase */,
				B292A83E2C9F798700A00B98 /* FirebaseFirestore */,
				B292A8402C9F798700A00B98 /* FirebaseRemoteConfig */,
				B292A8422C9F798700A00B98 /* FirebaseStorage */,
			);
			productName = FireCRUD;
			productReference = B292A8042C9F768800A00B98 /* FireCRUD.app */;
			productType = "com.apple.product-type.application";
		};
		B292A8132C9F768900A00B98 /* FireCRUDTests */ = {
			isa = PBXNativeTarget;
			buildConfigurationList = B292A82B2C9F768900A00B98 /* Build configuration list for PBXNativeTarget "FireCRUDTests" */;
			buildPhases = (
				B292A8102C9F768900A00B98 /* Sources */,
				B292A8112C9F768900A00B98 /* Frameworks */,
				B292A8122C9F768900A00B98 /* Resources */,
			);
			buildRules = (
			);
			dependencies = (
				B292A8162C9F768900A00B98 /* PBXTargetDependency */,
			);
			name = FireCRUDTests;
			productName = FireCRUDTests;
			productReference = B292A8142C9F768900A00B98 /* FireCRUDTests.xctest */;
			productType = "com.apple.product-type.bundle.unit-test";
		};
		B292A81D2C9F768900A00B98 /* FireCRUDUITests */ = {
			isa = PBXNativeTarget;
			buildConfigurationList = B292A82E2C9F768900A00B98 /* Build configuration list for PBXNativeTarget "FireCRUDUITests" */;
			buildPhases = (
				B292A81A2C9F768900A00B98 /* Sources */,
				B292A81B2C9F768900A00B98 /* Frameworks */,
				B292A81C2C9F768900A00B98 /* Resources */,
			);
			buildRules = (
			);
			dependencies = (
				B292A8202C9F768900A00B98 /* PBXTargetDependency */,
			);
			name = FireCRUDUITests;
			productName = FireCRUDUITests;
			productReference = B292A81E2C9F768900A00B98 /* FireCRUDUITests.xctest */;
			productType = "com.apple.product-type.bundle.ui-testing";
		};
/* End PBXNativeTarget section */

/* Begin PBXProject section */
		B292A7FC2C9F768800A00B98 /* Project object */ = {
			isa = PBXProject;
			attributes = {
				BuildIndependentTargetsInParallel = 1;
				LastSwiftUpdateCheck = 1540;
				LastUpgradeCheck = 1540;
				TargetAttributes = {
					B292A8032C9F768800A00B98 = {
						CreatedOnToolsVersion = 15.4;
					};
					B292A8132C9F768900A00B98 = {
						CreatedOnToolsVersion = 15.4;
						TestTargetID = B292A8032C9F768800A00B98;
					};
					B292A81D2C9F768900A00B98 = {
						CreatedOnToolsVersion = 15.4;
						TestTargetID = B292A8032C9F768800A00B98;
					};
				};
			};
			buildConfigurationList = B292A7FF2C9F768800A00B98 /* Build configuration list for PBXProject "FireCRUD" */;
			compatibilityVersion = "Xcode 14.0";
			developmentRegion = en;
			hasScannedForEncodings = 0;
			knownRegions = (
				en,
				Base,
			);
			mainGroup = B292A7FB2C9F768800A00B98;
			packageReferences = (
				B292A8352C9F798700A00B98 /* XCRemoteSwiftPackageReference "firebase-ios-sdk" */,
			);
			productRefGroup = B292A8052C9F768800A00B98 /* Products */;
			projectDirPath = "";
			projectRoot = "";
			targets = (
				B292A8032C9F768800A00B98 /* FireCRUD */,
				B292A8132C9F768900A00B98 /* FireCRUDTests */,
				B292A81D2C9F768900A00B98 /* FireCRUDUITests */,
			);
		};
/* End PBXProject section */

/* Begin PBXResourcesBuildPhase section */
		B292A8022C9F768800A00B98 /* Resources */ = {
			isa = PBXResourcesBuildPhase;
			buildActionMask = 2147483647;
			files = (
				B292A80F2C9F768900A00B98 /* Preview Assets.xcassets in Resources */,
				B292A80C2C9F768900A00B98 /* Assets.xcassets in Resources */,
				B292A8322C9F788400A00B98 /* GoogleService-Info.plist in Resources */,
			);
			runOnlyForDeploymentPostprocessing = 0;
		};
		B292A8122C9F768900A00B98 /* Resources */ = {
			isa = PBXResourcesBuildPhase;
			buildActionMask = 2147483647;
			files = (
				B292A8332C9F788400A00B98 /* GoogleService-Info.plist in Resources */,
			);
			runOnlyForDeploymentPostprocessing = 0;
		};
		B292A81C2C9F768900A00B98 /* Resources */ = {
			isa = PBXResourcesBuildPhase;
			buildActionMask = 2147483647;
			files = (
				B292A8342C9F788400A00B98 /* GoogleService-Info.plist in Resources */,
			);
			runOnlyForDeploymentPostprocessing = 0;
		};
/* End PBXResourcesBuildPhase section */

/* Begin PBXSourcesBuildPhase section */
		B292A8002C9F768800A00B98 /* Sources */ = {
			isa = PBXSourcesBuildPhase;
			buildActionMask = 2147483647;
			files = (
				B292A80A2C9F768800A00B98 /* ContentView.swift in Sources */,
				B292A8082C9F768800A00B98 /* FireCRUDApp.swift in Sources */,
			);
			runOnlyForDeploymentPostprocessing = 0;
		};
		B292A8102C9F768900A00B98 /* Sources */ = {
			isa = PBXSourcesBuildPhase;
			buildActionMask = 2147483647;
			files = (
				B292A8192C9F768900A00B98 /* FireCRUDTests.swift in Sources */,
			);
			runOnlyForDeploymentPostprocessing = 0;
		};
		B292A81A2C9F768900A00B98 /* Sources */ = {
			isa = PBXSourcesBuildPhase;
			buildActionMask = 2147483647;
			files = (
				B292A8252C9F768900A00B98 /* FireCRUDUITestsLaunchTests.swift in Sources */,
				B292A8232C9F768900A00B98 /* FireCRUDUITests.swift in Sources */,
			);
			runOnlyForDeploymentPostprocessing = 0;
		};
/* End PBXSourcesBuildPhase section */

/* Begin PBXTargetDependency section */
		B292A8162C9F768900A00B98 /* PBXTargetDependency */ = {
			isa = PBXTargetDependency;
			target = B292A8032C9F768800A00B98 /* FireCRUD */;
			targetProxy = B292A8152C9F768900A00B98 /* PBXContainerItemProxy */;
		};
		B292A8202C9F768900A00B98 /* PBXTargetDependency */ = {
			isa = PBXTargetDependency;
			target = B292A8032C9F768800A00B98 /* FireCRUD */;
			targetProxy = B292A81F2C9F768900A00B98 /* PBXContainerItemProxy */;
		};
/* End PBXTargetDependency section */

/* Begin XCBuildConfiguration section */
		B292A8262C9F768900A00B98 /* Debug */ = {
			isa = XCBuildConfiguration;
			buildSettings = {
				ALWAYS_SEARCH_USER_PATHS = NO;
				ASSETCATALOG_COMPILER_GENERATE_SWIFT_ASSET_SYMBOL_EXTENSIONS = YES;
				CLANG_ANALYZER_NONNULL = YES;
				CLANG_ANALYZER_NUMBER_OBJECT_CONVERSION = YES_AGGRESSIVE;
				CLANG_CXX_LANGUAGE_STANDARD = "gnu++20";
				CLANG_ENABLE_MODULES = YES;
				CLANG_ENABLE_OBJC_ARC = YES;
				CLANG_ENABLE_OBJC_WEAK = YES;
				CLANG_WARN_BLOCK_CAPTURE_AUTORELEASING = YES;
				CLANG_WARN_BOOL_CONVERSION = YES;
				CLANG_WARN_COMMA = YES;
				CLANG_WARN_CONSTANT_CONVERSION = YES;
				CLANG_WARN_DEPRECATED_OBJC_IMPLEMENTATIONS = YES;
				CLANG_WARN_DIRECT_OBJC_ISA_USAGE = YES_ERROR;
				CLANG_WARN_DOCUMENTATION_COMMENTS = YES;
				CLANG_WARN_EMPTY_BODY = YES;
				CLANG_WARN_ENUM_CONVERSION = YES;
				CLANG_WARN_INFINITE_RECURSION = YES;
				CLANG_WARN_INT_CONVERSION = YES;
				CLANG_WARN_NON_LITERAL_NULL_CONVERSION = YES;
				CLANG_WARN_OBJC_IMPLICIT_RETAIN_SELF = YES;
				CLANG_WARN_OBJC_LITERAL_CONVERSION = YES;
				CLANG_WARN_OBJC_ROOT_CLASS = YES_ERROR;
				CLANG_WARN_QUOTED_INCLUDE_IN_FRAMEWORK_HEADER = YES;
				CLANG_WARN_RANGE_LOOP_ANALYSIS = YES;
				CLANG_WARN_STRICT_PROTOTYPES = YES;
				CLANG_WARN_SUSPICIOUS_MOVE = YES;
				CLANG_WARN_UNGUARDED_AVAILABILITY = YES_AGGRESSIVE;
				CLANG_WARN_UNREACHABLE_CODE = YES;
				CLANG_WARN__DUPLICATE_METHOD_MATCH = YES;
				COPY_PHASE_STRIP = NO;
				DEBUG_INFORMATION_FORMAT = dwarf;
				ENABLE_STRICT_OBJC_MSGSEND = YES;
				ENABLE_TESTABILITY = YES;
				ENABLE_USER_SCRIPT_SANDBOXING = YES;
				GCC_C_LANGUAGE_STANDARD = gnu17;
				GCC_DYNAMIC_NO_PIC = NO;
				GCC_NO_COMMON_BLOCKS = YES;
				GCC_OPTIMIZATION_LEVEL = 0;
				GCC_PREPROCESSOR_DEFINITIONS = (
					"DEBUG=1",
					"$(inherited)",
				);
				GCC_WARN_64_TO_32_BIT_CONVERSION = YES;
				GCC_WARN_ABOUT_RETURN_TYPE = YES_ERROR;
				GCC_WARN_UNDECLARED_SELECTOR = YES;
				GCC_WARN_UNINITIALIZED_AUTOS = YES_AGGRESSIVE;
				GCC_WARN_UNUSED_FUNCTION = YES;
				GCC_WARN_UNUSED_VARIABLE = YES;
				IPHONEOS_DEPLOYMENT_TARGET = 17.5;
				LOCALIZATION_PREFERS_STRING_CATALOGS = YES;
				MTL_ENABLE_DEBUG_INFO = INCLUDE_SOURCE;
				MTL_FAST_MATH = YES;
				ONLY_ACTIVE_ARCH = YES;
				SDKROOT = iphoneos;
				SWIFT_ACTIVE_COMPILATION_CONDITIONS = "DEBUG $(inherited)";
				SWIFT_OPTIMIZATION_LEVEL = "-Onone";
			};
			name = Debug;
		};
		B292A8272C9F768900A00B98 /* Release */ = {
			isa = XCBuildConfiguration;
			buildSettings = {
				ALWAYS_SEARCH_USER_PATHS = NO;
				ASSETCATALOG_COMPILER_GENERATE_SWIFT_ASSET_SYMBOL_EXTENSIONS = YES;
				CLANG_ANALYZER_NONNULL = YES;
				CLANG_ANALYZER_NUMBER_OBJECT_CONVERSION = YES_AGGRESSIVE;
				CLANG_CXX_LANGUAGE_STANDARD = "gnu++20";
				CLANG_ENABLE_MODULES = YES;
				CLANG_ENABLE_OBJC_ARC = YES;
				CLANG_ENABLE_OBJC_WEAK = YES;
				CLANG_WARN_BLOCK_CAPTURE_AUTORELEASING = YES;
				CLANG_WARN_BOOL_CONVERSION = YES;
				CLANG_WARN_COMMA = YES;
				CLANG_WARN_CONSTANT_CONVERSION = YES;
				CLANG_WARN_DEPRECATED_OBJC_IMPLEMENTATIONS = YES;
				CLANG_WARN_DIRECT_OBJC_ISA_USAGE = YES_ERROR;
				CLANG_WARN_DOCUMENTATION_COMMENTS = YES;
				CLANG_WARN_EMPTY_BODY = YES;
				CLANG_WARN_ENUM_CONVERSION = YES;
				CLANG_WARN_INFINITE_RECURSION = YES;
				CLANG_WARN_INT_CONVERSION = YES;
				CLANG_WARN_NON_LITERAL_NULL_CONVERSION = YES;
				CLANG_WARN_OBJC_IMPLICIT_RETAIN_SELF = YES;
				CLANG_WARN_OBJC_LITERAL_CONVERSION = YES;
				CLANG_WARN_OBJC_ROOT_CLASS = YES_ERROR;
				CLANG_WARN_QUOTED_INCLUDE_IN_FRAMEWORK_HEADER = YES;
				CLANG_WARN_RANGE_LOOP_ANALYSIS = YES;
				CLANG_WARN_STRICT_PROTOTYPES = YES;
				CLANG_WARN_SUSPICIOUS_MOVE = YES;
				CLANG_WARN_UNGUARDED_AVAILABILITY = YES_AGGRESSIVE;
				CLANG_WARN_UNREACHABLE_CODE = YES;
				CLANG_WARN__DUPLICATE_METHOD_MATCH = YES;
				COPY_PHASE_STRIP = NO;
				DEBUG_INFORMATION_FORMAT = "dwarf-with-dsym";
				ENABLE_NS_ASSERTIONS = NO;
				ENABLE_STRICT_OBJC_MSGSEND = YES;
				ENABLE_USER_SCRIPT_SANDBOXING = YES;
				GCC_C_LANGUAGE_STANDARD = gnu17;
				GCC_NO_COMMON_BLOCKS = YES;
				GCC_WARN_64_TO_32_BIT_CONVERSION = YES;
				GCC_WARN_ABOUT_RETURN_TYPE = YES_ERROR;
				GCC_WARN_UNDECLARED_SELECTOR = YES;
				GCC_WARN_UNINITIALIZED_AUTOS = YES_AGGRESSIVE;
				GCC_WARN_UNUSED_FUNCTION = YES;
				GCC_WARN_UNUSED_VARIABLE = YES;
				IPHONEOS_DEPLOYMENT_TARGET = 17.5;
				LOCALIZATION_PREFERS_STRING_CATALOGS = YES;
				MTL_ENABLE_DEBUG_INFO = NO;
				MTL_FAST_MATH = YES;
				SDKROOT = iphoneos;
				SWIFT_COMPILATION_MODE = wholemodule;
				VALIDATE_PRODUCT = YES;
			};
			name = Release;
		};
		B292A8292C9F768900A00B98 /* Debug */ = {
			isa = XCBuildConfiguration;
			buildSettings = {
				ASSETCATALOG_COMPILER_APPICON_NAME = AppIcon;
				ASSETCATALOG_COMPILER_GLOBAL_ACCENT_COLOR_NAME = AccentColor;
				CODE_SIGN_STYLE = Automatic;
				CURRENT_PROJECT_VERSION = 1;
				DEVELOPMENT_ASSET_PATHS = "\"FireCRUD/Preview Content\"";
				DEVELOPMENT_TEAM = HW57NPTVW8;
				ENABLE_PREVIEWS = YES;
				GENERATE_INFOPLIST_FILE = YES;
				INFOPLIST_KEY_UIApplicationSceneManifest_Generation = YES;
				INFOPLIST_KEY_UIApplicationSupportsIndirectInputEvents = YES;
				INFOPLIST_KEY_UILaunchScreen_Generation = YES;
				INFOPLIST_KEY_UISupportedInterfaceOrientations_iPad = "UIInterfaceOrientationPortrait UIInterfaceOrientationPortraitUpsideDown UIInterfaceOrientationLandscapeLeft UIInterfaceOrientationLandscapeRight";
				INFOPLIST_KEY_UISupportedInterfaceOrientations_iPhone = "UIInterfaceOrientationPortrait UIInterfaceOrientationLandscapeLeft UIInterfaceOrientationLandscapeRight";
				LD_RUNPATH_SEARCH_PATHS = (
					"$(inherited)",
					"@executable_path/Frameworks",
				);
				MARKETING_VERSION = 1.0;
				PRODUCT_BUNDLE_IDENTIFIER = LS.FireCRUD;
				PRODUCT_NAME = "$(TARGET_NAME)";
				SWIFT_EMIT_LOC_STRINGS = YES;
				SWIFT_VERSION = 5.0;
				TARGETED_DEVICE_FAMILY = "1,2";
			};
			name = Debug;
		};
		B292A82A2C9F768900A00B98 /* Release */ = {
			isa = XCBuildConfiguration;
			buildSettings = {
				ASSETCATALOG_COMPILER_APPICON_NAME = AppIcon;
				ASSETCATALOG_COMPILER_GLOBAL_ACCENT_COLOR_NAME = AccentColor;
				CODE_SIGN_STYLE = Automatic;
				CURRENT_PROJECT_VERSION = 1;
				DEVELOPMENT_ASSET_PATHS = "\"FireCRUD/Preview Content\"";
				DEVELOPMENT_TEAM = HW57NPTVW8;
				ENABLE_PREVIEWS = YES;
				GENERATE_INFOPLIST_FILE = YES;
				INFOPLIST_KEY_UIApplicationSceneManifest_Generation = YES;
				INFOPLIST_KEY_UIApplicationSupportsIndirectInputEvents = YES;
				INFOPLIST_KEY_UILaunchScreen_Generation = YES;
				INFOPLIST_KEY_UISupportedInterfaceOrientations_iPad = "UIInterfaceOrientationPortrait UIInterfaceOrientationPortraitUpsideDown UIInterfaceOrientationLandscapeLeft UIInterfaceOrientationLandscapeRight";
				INFOPLIST_KEY_UISupportedInterfaceOrientations_iPhone = "UIInterfaceOrientationPortrait UIInterfaceOrientationLandscapeLeft UIInterfaceOrientationLandscapeRight";
				LD_RUNPATH_SEARCH_PATHS = (
					"$(inherited)",
					"@executable_path/Frameworks",
				);
				MARKETING_VERSION = 1.0;
				PRODUCT_BUNDLE_IDENTIFIER = LS.FireCRUD;
				PRODUCT_NAME = "$(TARGET_NAME)";
				SWIFT_EMIT_LOC_STRINGS = YES;
				SWIFT_VERSION = 5.0;
				TARGETED_DEVICE_FAMILY = "1,2";
			};
			name = Release;
		};
		B292A82C2C9F768900A00B98 /* Debug */ = {
			isa = XCBuildConfiguration;
			buildSettings = {
				ALWAYS_EMBED_SWIFT_STANDARD_LIBRARIES = YES;
				BUNDLE_LOADER = "$(TEST_HOST)";
				CODE_SIGN_STYLE = Automatic;
				CURRENT_PROJECT_VERSION = 1;
				DEVELOPMENT_TEAM = HW57NPTVW8;
				GENERATE_INFOPLIST_FILE = YES;
				IPHONEOS_DEPLOYMENT_TARGET = 17.5;
				MARKETING_VERSION = 1.0;
				PRODUCT_BUNDLE_IDENTIFIER = LS.FireCRUDTests;
				PRODUCT_NAME = "$(TARGET_NAME)";
				SWIFT_EMIT_LOC_STRINGS = NO;
				SWIFT_VERSION = 5.0;
				TARGETED_DEVICE_FAMILY = "1,2";
				TEST_HOST = "$(BUILT_PRODUCTS_DIR)/FireCRUD.app/$(BUNDLE_EXECUTABLE_FOLDER_PATH)/FireCRUD";
			};
			name = Debug;
		};
		B292A82D2C9F768900A00B98 /* Release */ = {
			isa = XCBuildConfiguration;
			buildSettings = {
				ALWAYS_EMBED_SWIFT_STANDARD_LIBRARIES = YES;
				BUNDLE_LOADER = "$(TEST_HOST)";
				CODE_SIGN_STYLE = Automatic;
				CURRENT_PROJECT_VERSION = 1;
				DEVELOPMENT_TEAM = HW57NPTVW8;
				GENERATE_INFOPLIST_FILE = YES;
				IPHONEOS_DEPLOYMENT_TARGET = 17.5;
				MARKETING_VERSION = 1.0;
				PRODUCT_BUNDLE_IDENTIFIER = LS.FireCRUDTests;
				PRODUCT_NAME = "$(TARGET_NAME)";
				SWIFT_EMIT_LOC_STRINGS = NO;
				SWIFT_VERSION = 5.0;
				TARGETED_DEVICE_FAMILY = "1,2";
				TEST_HOST = "$(BUILT_PRODUCTS_DIR)/FireCRUD.app/$(BUNDLE_EXECUTABLE_FOLDER_PATH)/FireCRUD";
			};
			name = Release;
		};
		B292A82F2C9F768900A00B98 /* Debug */ = {
			isa = XCBuildConfiguration;
			buildSettings = {
				ALWAYS_EMBED_SWIFT_STANDARD_LIBRARIES = YES;
				CODE_SIGN_STYLE = Automatic;
				CURRENT_PROJECT_VERSION = 1;
				DEVELOPMENT_TEAM = HW57NPTVW8;
				GENERATE_INFOPLIST_FILE = YES;
				MARKETING_VERSION = 1.0;
				PRODUCT_BUNDLE_IDENTIFIER = LS.FireCRUDUITests;
				PRODUCT_NAME = "$(TARGET_NAME)";
				SWIFT_EMIT_LOC_STRINGS = NO;
				SWIFT_VERSION = 5.0;
				TARGETED_DEVICE_FAMILY = "1,2";
				TEST_TARGET_NAME = FireCRUD;
			};
			name = Debug;
		};
		B292A8302C9F768900A00B98 /* Release */ = {
			isa = XCBuildConfiguration;
			buildSettings = {
				ALWAYS_EMBED_SWIFT_STANDARD_LIBRARIES = YES;
				CODE_SIGN_STYLE = Automatic;
				CURRENT_PROJECT_VERSION = 1;
				DEVELOPMENT_TEAM = HW57NPTVW8;
				GENERATE_INFOPLIST_FILE = YES;
				MARKETING_VERSION = 1.0;
				PRODUCT_BUNDLE_IDENTIFIER = LS.FireCRUDUITests;
				PRODUCT_NAME = "$(TARGET_NAME)";
				SWIFT_EMIT_LOC_STRINGS = NO;
				SWIFT_VERSION = 5.0;
				TARGETED_DEVICE_FAMILY = "1,2";
				TEST_TARGET_NAME = FireCRUD;
			};
			name = Release;
		};
/* End XCBuildConfiguration section */

/* Begin XCConfigurationList section */
		B292A7FF2C9F768800A00B98 /* Build configuration list for PBXProject "FireCRUD" */ = {
			isa = XCConfigurationList;
			buildConfigurations = (
				B292A8262C9F768900A00B98 /* Debug */,
				B292A8272C9F768900A00B98 /* Release */,
			);
			defaultConfigurationIsVisible = 0;
			defaultConfigurationName = Release;
		};
		B292A8282C9F768900A00B98 /* Build configuration list for PBXNativeTarget "FireCRUD" */ = {
			isa = XCConfigurationList;
			buildConfigurations = (
				B292A8292C9F768900A00B98 /* Debug */,
				B292A82A2C9F768900A00B98 /* Release */,
			);
			defaultConfigurationIsVisible = 0;
			defaultConfigurationName = Release;
		};
		B292A82B2C9F768900A00B98 /* Build configuration list for PBXNativeTarget "FireCRUDTests" */ = {
			isa = XCConfigurationList;
			buildConfigurations = (
				B292A82C2C9F768900A00B98 /* Debug */,
				B292A82D2C9F768900A00B98 /* Release */,
			);
			defaultConfigurationIsVisible = 0;
			defaultConfigurationName = Release;
		};
		B292A82E2C9F768900A00B98 /* Build configuration list for PBXNativeTarget "FireCRUDUITests" */ = {
			isa = XCConfigurationList;
			buildConfigurations = (
				B292A82F2C9F768900A00B98 /* Debug */,
				B292A8302C9F768900A00B98 /* Release */,
			);
			defaultConfigurationIsVisible = 0;
			defaultConfigurationName = Release;
		};
/* End XCConfigurationList section */

/* Begin XCRemoteSwiftPackageReference section */
		B292A8352C9F798700A00B98 /* XCRemoteSwiftPackageReference "firebase-ios-sdk" */ = {
			isa = XCRemoteSwiftPackageReference;
			repositoryURL = "https://github.com/firebase/firebase-ios-sdk";
			requirement = {
				kind = exactVersion;
				version = 11.2.0;
			};
		};
/* End XCRemoteSwiftPackageReference section */

/* Begin XCSwiftPackageProductDependency section */
		B292A8362C9F798700A00B98 /* FirebaseAnalytics */ = {
			isa = XCSwiftPackageProductDependency;
			package = B292A8352C9F798700A00B98 /* XCRemoteSwiftPackageReference "firebase-ios-sdk" */;
			productName = FirebaseAnalytics;
		};
		B292A8382C9F798700A00B98 /* FirebaseAuth */ = {
			isa = XCSwiftPackageProductDependency;
			package = B292A8352C9F798700A00B98 /* XCRemoteSwiftPackageReference "firebase-ios-sdk" */;
			productName = FirebaseAuth;
		};
		B292A83A2C9F798700A00B98 /* FirebaseCrashlytics */ = {
			isa = XCSwiftPackageProductDependency;
			package = B292A8352C9F798700A00B98 /* XCRemoteSwiftPackageReference "firebase-ios-sdk" */;
			productName = FirebaseCrashlytics;
		};
		B292A83C2C9F798700A00B98 /* FirebaseDatabase */ = {
			isa = XCSwiftPackageProductDependency;
			package = B292A8352C9F798700A00B98 /* XCRemoteSwiftPackageReference "firebase-ios-sdk" */;
			productName = FirebaseDatabase;
		};
		B292A83E2C9F798700A00B98 /* FirebaseFirestore */ = {
			isa = XCSwiftPackageProductDependency;
			package = B292A8352C9F798700A00B98 /* XCRemoteSwiftPackageReference "firebase-ios-sdk" */;
			productName = FirebaseFirestore;
		};
		B292A8402C9F798700A00B98 /* FirebaseRemoteConfig */ = {
			isa = XCSwiftPackageProductDependency;
			package = B292A8352C9F798700A00B98 /* XCRemoteSwiftPackageReference "firebase-ios-sdk" */;
			productName = FirebaseRemoteConfig;
		};
		B292A8422C9F798700A00B98 /* FirebaseStorage */ = {
			isa = XCSwiftPackageProductDependency;
			package = B292A8352C9F798700A00B98 /* XCRemoteSwiftPackageReference "firebase-ios-sdk" */;
			productName = FirebaseStorage;
		};
/* End XCSwiftPackageProductDependency section */
	};
	rootObject = B292A7FC2C9F768800A00B98 /* Project object */;
}
